
Microsoft Visual Studio Solution File, Format Version 12.00
# Visual Studio Version 17
VisualStudioVersion = 17.0.31903.59
MinimumVisualStudioVersion = 10.0.40219.1
Project("{FAE04EC0-301F-11D3-BF4B-00C04F79EFBC}") = "CourseManagement.Web", "CourseManagement.Web\CourseManagement.Web.csproj", "{7A202A76-001C-4445-A00E-C181D884EE0E}"
EndProject
Project("{FAE04EC0-301F-11D3-BF4B-00C04F79EFBC}") = "CourseManagement.Core", "CourseManagement.Core\CourseManagement.Core.csproj", "{9BB53413-4339-4B0B-877F-FF40523CDA8F}"
EndProject
Project("{FAE04EC0-301F-11D3-BF4B-00C04F79EFBC}") = "CourseManagement.Data", "CourseManagement.Data\CourseManagement.Data.csproj", "{14EA7A0D-2965-4B99-AE76-E3EAA833C98B}"
EndProject
Global
	GlobalSection(SolutionConfigurationPlatforms) = preSolution
		Debug|Any CPU = Debug|Any CPU
		Release|Any CPU = Release|Any CPU
	EndGlobalSection
	GlobalSection(SolutionProperties) = preSolution
		HideSolutionNode = FALSE
	EndGlobalSection
	GlobalSection(ProjectConfigurationPlatforms) = postSolution
		{7A202A76-001C-4445-A00E-C181D884EE0E}.Debug|Any CPU.ActiveCfg = Debug|Any CPU
		{7A202A76-001C-4445-A00E-C181D884EE0E}.Debug|Any CPU.Build.0 = Debug|Any CPU
		{7A202A76-001C-4445-A00E-C181D884EE0E}.Release|Any CPU.ActiveCfg = Release|Any CPU
		{7A202A76-001C-4445-A00E-C181D884EE0E}.Release|Any CPU.Build.0 = Release|Any CPU
		{9BB53413-4339-4B0B-877F-FF40523CDA8F}.Debug|Any CPU.ActiveCfg = Debug|Any CPU
		{9BB53413-4339-4B0B-877F-FF40523CDA8F}.Debug|Any CPU.Build.0 = Debug|Any CPU
		{9BB53413-4339-4B0B-877F-FF40523CDA8F}.Release|Any CPU.ActiveCfg = Release|Any CPU
		{9BB53413-4339-4B0B-877F-FF40523CDA8F}.Release|Any CPU.Build.0 = Release|Any CPU
		{14EA7A0D-2965-4B99-AE76-E3EAA833C98B}.Debug|Any CPU.ActiveCfg = Debug|Any CPU
		{14EA7A0D-2965-4B99-AE76-E3EAA833C98B}.Debug|Any CPU.Build.0 = Debug|Any CPU
		{14EA7A0D-2965-4B99-AE76-E3EAA833C98B}.Release|Any CPU.ActiveCfg = Release|Any CPU
		{14EA7A0D-2965-4B99-AE76-E3EAA833C98B}.Release|Any CPU.Build.0 = Release|Any CPU
	EndGlobalSection
EndGlobal
